
Microsoft Visual Studio Solution File, Format Version 12.00
# Visual Studio Version 17
VisualStudioVersion = 17.5.33424.131
MinimumVisualStudioVersion = 10.0.40219.1
Project("{FAE04EC0-301F-11D3-BF4B-00C04F79EFBC}") = "StarLauncher", "StarLauncher\StarLauncher.csproj", "{7C4A9B91-4175-4945-8C4C-D9A051E9C283}"
EndProject
Project("{C7167F0D-BC9F-4E6E-AFE1-012C56B48DB5}") = "Package", "Package\Package.wapproj", "{F38A5613-D856-49F5-AD2B-C8F3DC0ECC93}"
EndProject
Project("{FAE04EC0-301F-11D3-BF4B-00C04F79EFBC}") = "DesktopProxy", "DesktopProxy\DesktopProxy.csproj", "{7EB81B54-E3D6-4945-B1DE-F75663CC3A7D}"
EndProject
Global
	GlobalSection(SolutionConfigurationPlatforms) = preSolution
		Debug|Any CPU = Debug|Any CPU
		Debug|ARM = Debug|ARM
		Debug|ARM64 = Debug|ARM64
		Debug|x64 = Debug|x64
		Debug|x86 = Debug|x86
		Release|Any CPU = Release|Any CPU
		Release|ARM = Release|ARM
		Release|ARM64 = Release|ARM64
		Release|x64 = Release|x64
		Release|x86 = Release|x86
	EndGlobalSection
	GlobalSection(ProjectConfigurationPlatforms) = postSolution
		{7C4A9B91-4175-4945-8C4C-D9A051E9C283}.Debug|Any CPU.ActiveCfg = Debug|Any CPU
		{7C4A9B91-4175-4945-8C4C-D9A051E9C283}.Debug|Any CPU.Build.0 = Debug|Any CPU
		{7C4A9B91-4175-4945-8C4C-D9A051E9C283}.Debug|Any CPU.Deploy.0 = Debug|Any CPU
		{7C4A9B91-4175-4945-8C4C-D9A051E9C283}.Debug|ARM.ActiveCfg = Debug|ARM
		{7C4A9B91-4175-4945-8C4C-D9A051E9C283}.Debug|ARM.Build.0 = Debug|ARM
		{7C4A9B91-4175-4945-8C4C-D9A051E9C283}.Debug|ARM.Deploy.0 = Debug|ARM
		{7C4A9B91-4175-4945-8C4C-D9A051E9C283}.Debug|ARM64.ActiveCfg = Debug|ARM64
		{7C4A9B91-4175-4945-8C4C-D9A051E9C283}.Debug|ARM64.Build.0 = Debug|ARM64
		{7C4A9B91-4175-4945-8C4C-D9A051E9C283}.Debug|ARM64.Deploy.0 = Debug|ARM64
		{7C4A9B91-4175-4945-8C4C-D9A051E9C283}.Debug|x64.ActiveCfg = Debug|x64
		{7C4A9B91-4175-4945-8C4C-D9A051E9C283}.Debug|x64.Build.0 = Debug|x64
		{7C4A9B91-4175-4945-8C4C-D9A051E9C283}.Debug|x86.ActiveCfg = Debug|x86
		{7C4A9B91-4175-4945-8C4C-D9A051E9C283}.Debug|x86.Build.0 = Debug|x86
		{7C4A9B91-4175-4945-8C4C-D9A051E9C283}.Debug|x86.Deploy.0 = Debug|x86
		{7C4A9B91-4175-4945-8C4C-D9A051E9C283}.Release|Any CPU.ActiveCfg = Release|Any CPU
		{7C4A9B91-4175-4945-8C4C-D9A051E9C283}.Release|Any CPU.Build.0 = Release|Any CPU
		{7C4A9B91-4175-4945-8C4C-D9A051E9C283}.Release|Any CPU.Deploy.0 = Release|Any CPU
		{7C4A9B91-4175-4945-8C4C-D9A051E9C283}.Release|ARM.ActiveCfg = Release|ARM
		{7C4A9B91-4175-4945-8C4C-D9A051E9C283}.Release|ARM.Build.0 = Release|ARM
		{7C4A9B91-4175-4945-8C4C-D9A051E9C283}.Release|ARM.Deploy.0 = Release|ARM
		{7C4A9B91-4175-4945-8C4C-D9A051E9C283}.Release|ARM64.ActiveCfg = Release|ARM64
		{7C4A9B91-4175-4945-8C4C-D9A051E9C283}.Release|ARM64.Build.0 = Release|ARM64
		{7C4A9B91-4175-4945-8C4C-D9A051E9C283}.Release|ARM64.Deploy.0 = Release|ARM64
		{7C4A9B91-4175-4945-8C4C-D9A051E9C283}.Release|x64.ActiveCfg = Release|x64
		{7C4A9B91-4175-4945-8C4C-D9A051E9C283}.Release|x64.Build.0 = Release|x64
		{7C4A9B91-4175-4945-8C4C-D9A051E9C283}.Release|x64.Deploy.0 = Release|x64
		{7C4A9B91-4175-4945-8C4C-D9A051E9C283}.Release|x86.ActiveCfg = Release|x86
		{7C4A9B91-4175-4945-8C4C-D9A051E9C283}.Release|x86.Build.0 = Release|x86
		{7C4A9B91-4175-4945-8C4C-D9A051E9C283}.Release|x86.Deploy.0 = Release|x86
		{F38A5613-D856-49F5-AD2B-C8F3DC0ECC93}.Debug|Any CPU.ActiveCfg = Debug|Any CPU
		{F38A5613-D856-49F5-AD2B-C8F3DC0ECC93}.Debug|Any CPU.Build.0 = Debug|Any CPU
		{F38A5613-D856-49F5-AD2B-C8F3DC0ECC93}.Debug|Any CPU.Deploy.0 = Debug|Any CPU
		{F38A5613-D856-49F5-AD2B-C8F3DC0ECC93}.Debug|ARM.ActiveCfg = Debug|ARM
		{F38A5613-D856-49F5-AD2B-C8F3DC0ECC93}.Debug|ARM.Build.0 = Debug|ARM
		{F38A5613-D856-49F5-AD2B-C8F3DC0ECC93}.Debug|ARM.Deploy.0 = Debug|ARM
		{F38A5613-D856-49F5-AD2B-C8F3DC0ECC93}.Debug|ARM64.ActiveCfg = Debug|ARM64
		{F38A5613-D856-49F5-AD2B-C8F3DC0ECC93}.Debug|ARM64.Build.0 = Debug|ARM64
		{F38A5613-D856-49F5-AD2B-C8F3DC0ECC93}.Debug|ARM64.Deploy.0 = Debug|ARM64
		{F38A5613-D856-49F5-AD2B-C8F3DC0ECC93}.Debug|x64.ActiveCfg = Debug|x64
		{F38A5613-D856-49F5-AD2B-C8F3DC0ECC93}.Debug|x64.Build.0 = Debug|x64
		{F38A5613-D856-49F5-AD2B-C8F3DC0ECC93}.Debug|x64.Deploy.0 = Debug|x64
		{F38A5613-D856-49F5-AD2B-C8F3DC0ECC93}.Debug|x86.ActiveCfg = Debug|x86
		{F38A5613-D856-49F5-AD2B-C8F3DC0ECC93}.Debug|x86.Build.0 = Debug|x86
		{F38A5613-D856-49F5-AD2B-C8F3DC0ECC93}.Debug|x86.Deploy.0 = Debug|x86
		{F38A5613-D856-49F5-AD2B-C8F3DC0ECC93}.Release|Any CPU.ActiveCfg = Release|Any CPU
		{F38A5613-D856-49F5-AD2B-C8F3DC0ECC93}.Release|Any CPU.Build.0 = Release|Any CPU
		{F38A5613-D856-49F5-AD2B-C8F3DC0ECC93}.Release|Any CPU.Deploy.0 = Release|Any CPU
		{F38A5613-D856-49F5-AD2B-C8F3DC0ECC93}.Release|ARM.ActiveCfg = Release|ARM
		{F38A5613-D856-49F5-AD2B-C8F3DC0ECC93}.Release|ARM.Build.0 = Release|ARM
		{F38A5613-D856-49F5-AD2B-C8F3DC0ECC93}.Release|ARM.Deploy.0 = Release|ARM
		{F38A5613-D856-49F5-AD2B-C8F3DC0ECC93}.Release|ARM64.ActiveCfg = Release|ARM64
		{F38A5613-D856-49F5-AD2B-C8F3DC0ECC93}.Release|ARM64.Build.0 = Release|ARM64
		{F38A5613-D856-49F5-AD2B-C8F3DC0ECC93}.Release|ARM64.Deploy.0 = Release|ARM64
		{F38A5613-D856-49F5-AD2B-C8F3DC0ECC93}.Release|x64.ActiveCfg = Release|x64
		{F38A5613-D856-49F5-AD2B-C8F3DC0ECC93}.Release|x64.Build.0 = Release|x64
		{F38A5613-D856-49F5-AD2B-C8F3DC0ECC93}.Release|x64.Deploy.0 = Release|x64
		{F38A5613-D856-49F5-AD2B-C8F3DC0ECC93}.Release|x86.ActiveCfg = Release|x86
		{F38A5613-D856-49F5-AD2B-C8F3DC0ECC93}.Release|x86.Build.0 = Release|x86
		{F38A5613-D856-49F5-AD2B-C8F3DC0ECC93}.Release|x86.Deploy.0 = Release|x86
		{7EB81B54-E3D6-4945-B1DE-F75663CC3A7D}.Debug|Any CPU.ActiveCfg = Debug|Any CPU
		{7EB81B54-E3D6-4945-B1DE-F75663CC3A7D}.Debug|Any CPU.Build.0 = Debug|Any CPU
		{7EB81B54-E3D6-4945-B1DE-F75663CC3A7D}.Debug|ARM.ActiveCfg = Debug|Any CPU
		{7EB81B54-E3D6-4945-B1DE-F75663CC3A7D}.Debug|ARM.Build.0 = Debug|Any CPU
		{7EB81B54-E3D6-4945-B1DE-F75663CC3A7D}.Debug|ARM64.ActiveCfg = Debug|Any CPU
		{7EB81B54-E3D6-4945-B1DE-F75663CC3A7D}.Debug|ARM64.Build.0 = Debug|Any CPU
		{7EB81B54-E3D6-4945-B1DE-F75663CC3A7D}.Debug|x64.ActiveCfg = Debug|Any CPU
		{7EB81B54-E3D6-4945-B1DE-F75663CC3A7D}.Debug|x64.Build.0 = Debug|Any CPU
		{7EB81B54-E3D6-4945-B1DE-F75663CC3A7D}.Debug|x86.ActiveCfg = Debug|Any CPU
		{7EB81B54-E3D6-4945-B1DE-F75663CC3A7D}.Debug|x86.Build.0 = Debug|Any CPU
		{7EB81B54-E3D6-4945-B1DE-F75663CC3A7D}.Release|Any CPU.ActiveCfg = Release|Any CPU
		{7EB81B54-E3D6-4945-B1DE-F75663CC3A7D}.Release|Any CPU.Build.0 = Release|Any CPU
		{7EB81B54-E3D6-4945-B1DE-F75663CC3A7D}.Release|ARM.ActiveCfg = Release|Any CPU
		{7EB81B54-E3D6-4945-B1DE-F75663CC3A7D}.Release|ARM.Build.0 = Release|Any CPU
		{7EB81B54-E3D6-4945-B1DE-F75663CC3A7D}.Release|ARM64.ActiveCfg = Release|Any CPU
		{7EB81B54-E3D6-4945-B1DE-F75663CC3A7D}.Release|ARM64.Build.0 = Release|Any CPU
		{7EB81B54-E3D6-4945-B1DE-F75663CC3A7D}.Release|x64.ActiveCfg = Release|Any CPU
		{7EB81B54-E3D6-4945-B1DE-F75663CC3A7D}.Release|x64.Build.0 = Release|Any CPU
		{7EB81B54-E3D6-4945-B1DE-F75663CC3A7D}.Release|x86.ActiveCfg = Release|Any CPU
		{7EB81B54-E3D6-4945-B1DE-F75663CC3A7D}.Release|x86.Build.0 = Release|Any CPU
	EndGlobalSection
	GlobalSection(SolutionProperties) = preSolution
		HideSolutionNode = FALSE
	EndGlobalSection
	GlobalSection(ExtensibilityGlobals) = postSolution
		SolutionGuid = {FA6DA0AC-8332-4A95-916B-AA83F326D606}
	EndGlobalSection
EndGlobal
